
Microsoft Visual Studio Solution File, Format Version 12.00
# Visual Studio Version 16
VisualStudioVersion = 16.0.30503.244
MinimumVisualStudioVersion = 10.0.40219.1
Project("{FAE04EC0-301F-11D3-BF4B-00C04F79EFBC}") = "TesteCondicional2", "TesteCondicional2\TesteCondicional2.csproj", "{B4A173DE-F986-452D-90CC-5B452DC1C45E}"
EndProject
Global
	GlobalSection(SolutionConfigurationPlatforms) = preSolution
		Debug|Any CPU = Debug|Any CPU
		Release|Any CPU = Release|Any CPU
	EndGlobalSection
	GlobalSection(ProjectConfigurationPlatforms) = postSolution
		{B4A173DE-F986-452D-90CC-5B452DC1C45E}.Debug|Any CPU.ActiveCfg = Debug|Any CPU
		{B4A173DE-F986-452D-90CC-5B452DC1C45E}.Debug|Any CPU.Build.0 = Debug|Any CPU
		{B4A173DE-F986-452D-90CC-5B452DC1C45E}.Release|Any CPU.ActiveCfg = Release|Any CPU
		{B4A173DE-F986-452D-90CC-5B452DC1C45E}.Release|Any CPU.Build.0 = Release|Any CPU
	EndGlobalSection
	GlobalSection(SolutionProperties) = preSolution
		HideSolutionNode = FALSE
	EndGlobalSection
	GlobalSection(ExtensibilityGlobals) = postSolution
		SolutionGuid = {DB66CC91-D5C6-45E4-8BBF-72CAFDFF8A75}
	EndGlobalSection
EndGlobal
