
Microsoft Visual Studio Solution File, Format Version 12.00
# Visual Studio Version 16
VisualStudioVersion = 16.0.30503.244
MinimumVisualStudioVersion = 10.0.40219.1
Project("{FAE04EC0-301F-11D3-BF4B-00C04F79EFBC}") = "01 - ByteBank", "01 - ByteBank\01 - ByteBank.csproj", "{F6F2A7C1-B700-454D-918A-AA1260BE01FC}"
EndProject
Global
	GlobalSection(SolutionConfigurationPlatforms) = preSolution
		Debug|Any CPU = Debug|Any CPU
		Release|Any CPU = Release|Any CPU
	EndGlobalSection
	GlobalSection(ProjectConfigurationPlatforms) = postSolution
		{F6F2A7C1-B700-454D-918A-AA1260BE01FC}.Debug|Any CPU.ActiveCfg = Debug|Any CPU
		{F6F2A7C1-B700-454D-918A-AA1260BE01FC}.Debug|Any CPU.Build.0 = Debug|Any CPU
		{F6F2A7C1-B700-454D-918A-AA1260BE01FC}.Release|Any CPU.ActiveCfg = Release|Any CPU
		{F6F2A7C1-B700-454D-918A-AA1260BE01FC}.Release|Any CPU.Build.0 = Release|Any CPU
	EndGlobalSection
	GlobalSection(SolutionProperties) = preSolution
		HideSolutionNode = FALSE
	EndGlobalSection
	GlobalSection(ExtensibilityGlobals) = postSolution
		SolutionGuid = {E160A29A-BAAB-4920-BBE2-F997D784DF94}
	EndGlobalSection
EndGlobal
