
Microsoft Visual Studio Solution File, Format Version 12.00
# Visual Studio Version 16
VisualStudioVersion = 16.0.30503.244
MinimumVisualStudioVersion = 10.0.40219.1
Project("{FAE04EC0-301F-11D3-BF4B-00C04F79EFBC}") = "TestePontoFlutuante", "TestePontoFlutuante\TestePontoFlutuante.csproj", "{1D2D8518-7431-4EE9-8846-399E7461F134}"
EndProject
Global
	GlobalSection(SolutionConfigurationPlatforms) = preSolution
		Debug|Any CPU = Debug|Any CPU
		Release|Any CPU = Release|Any CPU
	EndGlobalSection
	GlobalSection(ProjectConfigurationPlatforms) = postSolution
		{1D2D8518-7431-4EE9-8846-399E7461F134}.Debug|Any CPU.ActiveCfg = Debug|Any CPU
		{1D2D8518-7431-4EE9-8846-399E7461F134}.Debug|Any CPU.Build.0 = Debug|Any CPU
		{1D2D8518-7431-4EE9-8846-399E7461F134}.Release|Any CPU.ActiveCfg = Release|Any CPU
		{1D2D8518-7431-4EE9-8846-399E7461F134}.Release|Any CPU.Build.0 = Release|Any CPU
	EndGlobalSection
	GlobalSection(SolutionProperties) = preSolution
		HideSolutionNode = FALSE
	EndGlobalSection
	GlobalSection(ExtensibilityGlobals) = postSolution
		SolutionGuid = {03F78186-49DF-415B-AA2D-F72A65C06FE8}
	EndGlobalSection
EndGlobal
