
Microsoft Visual Studio Solution File, Format Version 12.00
# Visual Studio Version 16
VisualStudioVersion = 16.0.30503.244
MinimumVisualStudioVersion = 10.0.40219.1
Project("{FAE04EC0-301F-11D3-BF4B-00C04F79EFBC}") = "CriandoVariaveis", "CriandoVariaveis\CriandoVariaveis.csproj", "{76CA8849-2811-41AB-9BB4-4206267DFDA0}"
EndProject
Global
	GlobalSection(SolutionConfigurationPlatforms) = preSolution
		Debug|Any CPU = Debug|Any CPU
		Release|Any CPU = Release|Any CPU
	EndGlobalSection
	GlobalSection(ProjectConfigurationPlatforms) = postSolution
		{76CA8849-2811-41AB-9BB4-4206267DFDA0}.Debug|Any CPU.ActiveCfg = Debug|Any CPU
		{76CA8849-2811-41AB-9BB4-4206267DFDA0}.Debug|Any CPU.Build.0 = Debug|Any CPU
		{76CA8849-2811-41AB-9BB4-4206267DFDA0}.Release|Any CPU.ActiveCfg = Release|Any CPU
		{76CA8849-2811-41AB-9BB4-4206267DFDA0}.Release|Any CPU.Build.0 = Release|Any CPU
	EndGlobalSection
	GlobalSection(SolutionProperties) = preSolution
		HideSolutionNode = FALSE
	EndGlobalSection
	GlobalSection(ExtensibilityGlobals) = postSolution
		SolutionGuid = {00BCFAB4-6FB0-4934-BCC5-5DB87F709D90}
	EndGlobalSection
EndGlobal
