
Microsoft Visual Studio Solution File, Format Version 12.00
# Visual Studio Version 16
VisualStudioVersion = 16.0.30413.136
MinimumVisualStudioVersion = 10.0.40219.1
Project("{FAE04EC0-301F-11D3-BF4B-00C04F79EFBC}") = "1-PrimeiroProjeto", "1-PrimeiroProjeto\1-PrimeiroProjeto.csproj", "{3B00E8AF-DB8F-41F3-AA8A-2FD45BF94746}"
EndProject
Project("{FAE04EC0-301F-11D3-BF4B-00C04F79EFBC}") = "2-CriandoVariaveis", "2-CriandoVariaveis\2-CriandoVariaveis.csproj", "{AA912983-EC9A-4AA3-87FD-DC425C76E878}"
EndProject
Global
	GlobalSection(SolutionConfigurationPlatforms) = preSolution
		Debug|Any CPU = Debug|Any CPU
		Release|Any CPU = Release|Any CPU
	EndGlobalSection
	GlobalSection(ProjectConfigurationPlatforms) = postSolution
		{3B00E8AF-DB8F-41F3-AA8A-2FD45BF94746}.Debug|Any CPU.ActiveCfg = Debug|Any CPU
		{3B00E8AF-DB8F-41F3-AA8A-2FD45BF94746}.Debug|Any CPU.Build.0 = Debug|Any CPU
		{3B00E8AF-DB8F-41F3-AA8A-2FD45BF94746}.Release|Any CPU.ActiveCfg = Release|Any CPU
		{3B00E8AF-DB8F-41F3-AA8A-2FD45BF94746}.Release|Any CPU.Build.0 = Release|Any CPU
		{AA912983-EC9A-4AA3-87FD-DC425C76E878}.Debug|Any CPU.ActiveCfg = Debug|Any CPU
		{AA912983-EC9A-4AA3-87FD-DC425C76E878}.Debug|Any CPU.Build.0 = Debug|Any CPU
		{AA912983-EC9A-4AA3-87FD-DC425C76E878}.Release|Any CPU.ActiveCfg = Release|Any CPU
		{AA912983-EC9A-4AA3-87FD-DC425C76E878}.Release|Any CPU.Build.0 = Release|Any CPU
	EndGlobalSection
	GlobalSection(SolutionProperties) = preSolution
		HideSolutionNode = FALSE
	EndGlobalSection
	GlobalSection(ExtensibilityGlobals) = postSolution
		SolutionGuid = {A536F39B-DEB7-469F-8A2C-FEA340BC4088}
	EndGlobalSection
EndGlobal
